
Microsoft Visual Studio Solution File, Format Version 12.00
# Visual Studio Version 17
VisualStudioVersion = 17.1.32319.34
MinimumVisualStudioVersion = 10.0.40219.1
Project("{FAE04EC0-301F-11D3-BF4B-00C04F79EFBC}") = "PhoenixTruckingWindows", "PhoenixTruckingWindows\PhoenixTruckingWindows.csproj", "{4C91A8AD-5533-4F69-9E53-37B8F905B0BC}"
	ProjectSection(ProjectDependencies) = postProject
		{2A720017-C54A-4738-BE41-8AE007F7864A} = {2A720017-C54A-4738-BE41-8AE007F7864A}
		{9A920D5D-E765-483D-BDC0-3254AC2AEF29} = {9A920D5D-E765-483D-BDC0-3254AC2AEF29}
		{AC15CCAC-63B7-43EB-A1CB-25925F04398B} = {AC15CCAC-63B7-43EB-A1CB-25925F04398B}
		{B2B06C28-6005-4AC5-B8E7-E65EB706EDC0} = {B2B06C28-6005-4AC5-B8E7-E65EB706EDC0}
	EndProjectSection
EndProject
Project("{FAE04EC0-301F-11D3-BF4B-00C04F79EFBC}") = "BingMapsRESTToolkit", "BingMapsRESTToolkit\BingMapsRESTToolkit.csproj", "{AC15CCAC-63B7-43EB-A1CB-25925F04398B}"
EndProject
Project("{FAE04EC0-301F-11D3-BF4B-00C04F79EFBC}") = "Infrastructure", "Infrastructure\Infrastructure.csproj", "{2A720017-C54A-4738-BE41-8AE007F7864A}"
EndProject
Project("{9A19103F-16F7-4668-BE54-9A1E7A4F7556}") = "Data", "Data\Data.csproj", "{9A920D5D-E765-483D-BDC0-3254AC2AEF29}"
EndProject
Project("{FAE04EC0-301F-11D3-BF4B-00C04F79EFBC}") = "PhoenixFleetServer", "PhoenixFleetServer\PhoenixFleetServer.csproj", "{B2B06C28-6005-4AC5-B8E7-E65EB706EDC0}"
	ProjectSection(ProjectDependencies) = postProject
		{2A720017-C54A-4738-BE41-8AE007F7864A} = {2A720017-C54A-4738-BE41-8AE007F7864A}
		{9A920D5D-E765-483D-BDC0-3254AC2AEF29} = {9A920D5D-E765-483D-BDC0-3254AC2AEF29}
		{AC15CCAC-63B7-43EB-A1CB-25925F04398B} = {AC15CCAC-63B7-43EB-A1CB-25925F04398B}
	EndProjectSection
EndProject
Global
	GlobalSection(SolutionConfigurationPlatforms) = preSolution
		Debug|Any CPU = Debug|Any CPU
		Debug|ARM = Debug|ARM
		Debug|ARM64 = Debug|ARM64
		Debug|x64 = Debug|x64
		Debug|x86 = Debug|x86
		Release|Any CPU = Release|Any CPU
		Release|ARM = Release|ARM
		Release|ARM64 = Release|ARM64
		Release|x64 = Release|x64
		Release|x86 = Release|x86
	EndGlobalSection
	GlobalSection(ProjectConfigurationPlatforms) = postSolution
		{4C91A8AD-5533-4F69-9E53-37B8F905B0BC}.Debug|Any CPU.ActiveCfg = Debug|x64
		{4C91A8AD-5533-4F69-9E53-37B8F905B0BC}.Debug|Any CPU.Build.0 = Debug|x64
		{4C91A8AD-5533-4F69-9E53-37B8F905B0BC}.Debug|Any CPU.Deploy.0 = Debug|x64
		{4C91A8AD-5533-4F69-9E53-37B8F905B0BC}.Debug|ARM.ActiveCfg = Debug|ARM
		{4C91A8AD-5533-4F69-9E53-37B8F905B0BC}.Debug|ARM.Build.0 = Debug|ARM
		{4C91A8AD-5533-4F69-9E53-37B8F905B0BC}.Debug|ARM.Deploy.0 = Debug|ARM
		{4C91A8AD-5533-4F69-9E53-37B8F905B0BC}.Debug|ARM64.ActiveCfg = Debug|ARM64
		{4C91A8AD-5533-4F69-9E53-37B8F905B0BC}.Debug|ARM64.Build.0 = Debug|ARM64
		{4C91A8AD-5533-4F69-9E53-37B8F905B0BC}.Debug|ARM64.Deploy.0 = Debug|ARM64
		{4C91A8AD-5533-4F69-9E53-37B8F905B0BC}.Debug|x64.ActiveCfg = Debug|x64
		{4C91A8AD-5533-4F69-9E53-37B8F905B0BC}.Debug|x64.Build.0 = Debug|x64
		{4C91A8AD-5533-4F69-9E53-37B8F905B0BC}.Debug|x64.Deploy.0 = Debug|x64
		{4C91A8AD-5533-4F69-9E53-37B8F905B0BC}.Debug|x86.ActiveCfg = Debug|x86
		{4C91A8AD-5533-4F69-9E53-37B8F905B0BC}.Debug|x86.Build.0 = Debug|x86
		{4C91A8AD-5533-4F69-9E53-37B8F905B0BC}.Debug|x86.Deploy.0 = Debug|x86
		{4C91A8AD-5533-4F69-9E53-37B8F905B0BC}.Release|Any CPU.ActiveCfg = Release|x64
		{4C91A8AD-5533-4F69-9E53-37B8F905B0BC}.Release|Any CPU.Build.0 = Release|x64
		{4C91A8AD-5533-4F69-9E53-37B8F905B0BC}.Release|Any CPU.Deploy.0 = Release|x64
		{4C91A8AD-5533-4F69-9E53-37B8F905B0BC}.Release|ARM.ActiveCfg = Release|ARM
		{4C91A8AD-5533-4F69-9E53-37B8F905B0BC}.Release|ARM.Build.0 = Release|ARM
		{4C91A8AD-5533-4F69-9E53-37B8F905B0BC}.Release|ARM.Deploy.0 = Release|ARM
		{4C91A8AD-5533-4F69-9E53-37B8F905B0BC}.Release|ARM64.ActiveCfg = Release|ARM64
		{4C91A8AD-5533-4F69-9E53-37B8F905B0BC}.Release|ARM64.Build.0 = Release|ARM64
		{4C91A8AD-5533-4F69-9E53-37B8F905B0BC}.Release|ARM64.Deploy.0 = Release|ARM64
		{4C91A8AD-5533-4F69-9E53-37B8F905B0BC}.Release|x64.ActiveCfg = Release|x64
		{4C91A8AD-5533-4F69-9E53-37B8F905B0BC}.Release|x64.Build.0 = Release|x64
		{4C91A8AD-5533-4F69-9E53-37B8F905B0BC}.Release|x64.Deploy.0 = Release|x64
		{4C91A8AD-5533-4F69-9E53-37B8F905B0BC}.Release|x86.ActiveCfg = Release|x86
		{4C91A8AD-5533-4F69-9E53-37B8F905B0BC}.Release|x86.Build.0 = Release|x86
		{4C91A8AD-5533-4F69-9E53-37B8F905B0BC}.Release|x86.Deploy.0 = Release|x86
		{AC15CCAC-63B7-43EB-A1CB-25925F04398B}.Debug|Any CPU.ActiveCfg = Debug|Any CPU
		{AC15CCAC-63B7-43EB-A1CB-25925F04398B}.Debug|Any CPU.Build.0 = Debug|Any CPU
		{AC15CCAC-63B7-43EB-A1CB-25925F04398B}.Debug|ARM.ActiveCfg = Debug|Any CPU
		{AC15CCAC-63B7-43EB-A1CB-25925F04398B}.Debug|ARM.Build.0 = Debug|Any CPU
		{AC15CCAC-63B7-43EB-A1CB-25925F04398B}.Debug|ARM64.ActiveCfg = Debug|Any CPU
		{AC15CCAC-63B7-43EB-A1CB-25925F04398B}.Debug|ARM64.Build.0 = Debug|Any CPU
		{AC15CCAC-63B7-43EB-A1CB-25925F04398B}.Debug|x64.ActiveCfg = Debug|Any CPU
		{AC15CCAC-63B7-43EB-A1CB-25925F04398B}.Debug|x64.Build.0 = Debug|Any CPU
		{AC15CCAC-63B7-43EB-A1CB-25925F04398B}.Debug|x86.ActiveCfg = Debug|Any CPU
		{AC15CCAC-63B7-43EB-A1CB-25925F04398B}.Debug|x86.Build.0 = Debug|Any CPU
		{AC15CCAC-63B7-43EB-A1CB-25925F04398B}.Release|Any CPU.ActiveCfg = Release|Any CPU
		{AC15CCAC-63B7-43EB-A1CB-25925F04398B}.Release|Any CPU.Build.0 = Release|Any CPU
		{AC15CCAC-63B7-43EB-A1CB-25925F04398B}.Release|ARM.ActiveCfg = Release|Any CPU
		{AC15CCAC-63B7-43EB-A1CB-25925F04398B}.Release|ARM.Build.0 = Release|Any CPU
		{AC15CCAC-63B7-43EB-A1CB-25925F04398B}.Release|ARM64.ActiveCfg = Release|Any CPU
		{AC15CCAC-63B7-43EB-A1CB-25925F04398B}.Release|ARM64.Build.0 = Release|Any CPU
		{AC15CCAC-63B7-43EB-A1CB-25925F04398B}.Release|x64.ActiveCfg = Release|Any CPU
		{AC15CCAC-63B7-43EB-A1CB-25925F04398B}.Release|x64.Build.0 = Release|Any CPU
		{AC15CCAC-63B7-43EB-A1CB-25925F04398B}.Release|x86.ActiveCfg = Release|Any CPU
		{AC15CCAC-63B7-43EB-A1CB-25925F04398B}.Release|x86.Build.0 = Release|Any CPU
		{2A720017-C54A-4738-BE41-8AE007F7864A}.Debug|Any CPU.ActiveCfg = Debug|Any CPU
		{2A720017-C54A-4738-BE41-8AE007F7864A}.Debug|Any CPU.Build.0 = Debug|Any CPU
		{2A720017-C54A-4738-BE41-8AE007F7864A}.Debug|ARM.ActiveCfg = Debug|ARM
		{2A720017-C54A-4738-BE41-8AE007F7864A}.Debug|ARM.Build.0 = Debug|ARM
		{2A720017-C54A-4738-BE41-8AE007F7864A}.Debug|ARM64.ActiveCfg = Debug|ARM64
		{2A720017-C54A-4738-BE41-8AE007F7864A}.Debug|ARM64.Build.0 = Debug|ARM64
		{2A720017-C54A-4738-BE41-8AE007F7864A}.Debug|x64.ActiveCfg = Debug|x64
		{2A720017-C54A-4738-BE41-8AE007F7864A}.Debug|x64.Build.0 = Debug|x64
		{2A720017-C54A-4738-BE41-8AE007F7864A}.Debug|x86.ActiveCfg = Debug|x86
		{2A720017-C54A-4738-BE41-8AE007F7864A}.Debug|x86.Build.0 = Debug|x86
		{2A720017-C54A-4738-BE41-8AE007F7864A}.Release|Any CPU.ActiveCfg = Release|Any CPU
		{2A720017-C54A-4738-BE41-8AE007F7864A}.Release|Any CPU.Build.0 = Release|Any CPU
		{2A720017-C54A-4738-BE41-8AE007F7864A}.Release|ARM.ActiveCfg = Release|ARM
		{2A720017-C54A-4738-BE41-8AE007F7864A}.Release|ARM.Build.0 = Release|ARM
		{2A720017-C54A-4738-BE41-8AE007F7864A}.Release|ARM64.ActiveCfg = Release|ARM64
		{2A720017-C54A-4738-BE41-8AE007F7864A}.Release|ARM64.Build.0 = Release|ARM64
		{2A720017-C54A-4738-BE41-8AE007F7864A}.Release|x64.ActiveCfg = Release|x64
		{2A720017-C54A-4738-BE41-8AE007F7864A}.Release|x64.Build.0 = Release|x64
		{2A720017-C54A-4738-BE41-8AE007F7864A}.Release|x86.ActiveCfg = Release|x86
		{2A720017-C54A-4738-BE41-8AE007F7864A}.Release|x86.Build.0 = Release|x86
		{9A920D5D-E765-483D-BDC0-3254AC2AEF29}.Debug|Any CPU.ActiveCfg = Debug|Any CPU
		{9A920D5D-E765-483D-BDC0-3254AC2AEF29}.Debug|Any CPU.Build.0 = Debug|Any CPU
		{9A920D5D-E765-483D-BDC0-3254AC2AEF29}.Debug|ARM.ActiveCfg = Debug|Any CPU
		{9A920D5D-E765-483D-BDC0-3254AC2AEF29}.Debug|ARM.Build.0 = Debug|Any CPU
		{9A920D5D-E765-483D-BDC0-3254AC2AEF29}.Debug|ARM64.ActiveCfg = Debug|Any CPU
		{9A920D5D-E765-483D-BDC0-3254AC2AEF29}.Debug|ARM64.Build.0 = Debug|Any CPU
		{9A920D5D-E765-483D-BDC0-3254AC2AEF29}.Debug|x64.ActiveCfg = Debug|Any CPU
		{9A920D5D-E765-483D-BDC0-3254AC2AEF29}.Debug|x64.Build.0 = Debug|Any CPU
		{9A920D5D-E765-483D-BDC0-3254AC2AEF29}.Debug|x86.ActiveCfg = Debug|Any CPU
		{9A920D5D-E765-483D-BDC0-3254AC2AEF29}.Debug|x86.Build.0 = Debug|Any CPU
		{9A920D5D-E765-483D-BDC0-3254AC2AEF29}.Release|Any CPU.ActiveCfg = Release|Any CPU
		{9A920D5D-E765-483D-BDC0-3254AC2AEF29}.Release|Any CPU.Build.0 = Release|Any CPU
		{9A920D5D-E765-483D-BDC0-3254AC2AEF29}.Release|ARM.ActiveCfg = Release|Any CPU
		{9A920D5D-E765-483D-BDC0-3254AC2AEF29}.Release|ARM.Build.0 = Release|Any CPU
		{9A920D5D-E765-483D-BDC0-3254AC2AEF29}.Release|ARM64.ActiveCfg = Release|Any CPU
		{9A920D5D-E765-483D-BDC0-3254AC2AEF29}.Release|ARM64.Build.0 = Release|Any CPU
		{9A920D5D-E765-483D-BDC0-3254AC2AEF29}.Release|x64.ActiveCfg = Release|Any CPU
		{9A920D5D-E765-483D-BDC0-3254AC2AEF29}.Release|x64.Build.0 = Release|Any CPU
		{9A920D5D-E765-483D-BDC0-3254AC2AEF29}.Release|x86.ActiveCfg = Release|Any CPU
		{9A920D5D-E765-483D-BDC0-3254AC2AEF29}.Release|x86.Build.0 = Release|Any CPU
		{B2B06C28-6005-4AC5-B8E7-E65EB706EDC0}.Debug|Any CPU.ActiveCfg = Debug|Any CPU
		{B2B06C28-6005-4AC5-B8E7-E65EB706EDC0}.Debug|Any CPU.Build.0 = Debug|Any CPU
		{B2B06C28-6005-4AC5-B8E7-E65EB706EDC0}.Debug|ARM.ActiveCfg = Debug|Any CPU
		{B2B06C28-6005-4AC5-B8E7-E65EB706EDC0}.Debug|ARM.Build.0 = Debug|Any CPU
		{B2B06C28-6005-4AC5-B8E7-E65EB706EDC0}.Debug|ARM64.ActiveCfg = Debug|Any CPU
		{B2B06C28-6005-4AC5-B8E7-E65EB706EDC0}.Debug|ARM64.Build.0 = Debug|Any CPU
		{B2B06C28-6005-4AC5-B8E7-E65EB706EDC0}.Debug|x64.ActiveCfg = Debug|Any CPU
		{B2B06C28-6005-4AC5-B8E7-E65EB706EDC0}.Debug|x64.Build.0 = Debug|Any CPU
		{B2B06C28-6005-4AC5-B8E7-E65EB706EDC0}.Debug|x86.ActiveCfg = Debug|Any CPU
		{B2B06C28-6005-4AC5-B8E7-E65EB706EDC0}.Debug|x86.Build.0 = Debug|Any CPU
		{B2B06C28-6005-4AC5-B8E7-E65EB706EDC0}.Release|Any CPU.ActiveCfg = Release|Any CPU
		{B2B06C28-6005-4AC5-B8E7-E65EB706EDC0}.Release|Any CPU.Build.0 = Release|Any CPU
		{B2B06C28-6005-4AC5-B8E7-E65EB706EDC0}.Release|ARM.ActiveCfg = Release|Any CPU
		{B2B06C28-6005-4AC5-B8E7-E65EB706EDC0}.Release|ARM.Build.0 = Release|Any CPU
		{B2B06C28-6005-4AC5-B8E7-E65EB706EDC0}.Release|ARM64.ActiveCfg = Release|Any CPU
		{B2B06C28-6005-4AC5-B8E7-E65EB706EDC0}.Release|ARM64.Build.0 = Release|Any CPU
		{B2B06C28-6005-4AC5-B8E7-E65EB706EDC0}.Release|x64.ActiveCfg = Release|Any CPU
		{B2B06C28-6005-4AC5-B8E7-E65EB706EDC0}.Release|x64.Build.0 = Release|Any CPU
		{B2B06C28-6005-4AC5-B8E7-E65EB706EDC0}.Release|x86.ActiveCfg = Release|Any CPU
		{B2B06C28-6005-4AC5-B8E7-E65EB706EDC0}.Release|x86.Build.0 = Release|Any CPU
	EndGlobalSection
	GlobalSection(SolutionProperties) = preSolution
		HideSolutionNode = FALSE
	EndGlobalSection
	GlobalSection(ExtensibilityGlobals) = postSolution
		SolutionGuid = {371E3B66-3811-4650-998F-A38D8623AB6F}
	EndGlobalSection
EndGlobal
