
Microsoft Visual Studio Solution File, Format Version 12.00
# Visual Studio Version 17
VisualStudioVersion = 17.1.32319.34
MinimumVisualStudioVersion = 10.0.40219.1
Project("{9A19103F-16F7-4668-BE54-9A1E7A4F7556}") = "PhoenixFleetServer", "PhoenixFleetServer\PhoenixFleetServer.csproj", "{B2B06C28-6005-4AC5-B8E7-E65EB706EDC0}"
	ProjectSection(ProjectDependencies) = postProject
		{5AE65118-9016-4BA7-A5E2-E6877D0FEB8B} = {5AE65118-9016-4BA7-A5E2-E6877D0FEB8B}
		{A5F9461B-AC0A-420C-BFAD-CF9B1C6D1352} = {A5F9461B-AC0A-420C-BFAD-CF9B1C6D1352}
		{AD6E39A7-5666-4B2F-BECF-1285C78A2CCC} = {AD6E39A7-5666-4B2F-BECF-1285C78A2CCC}
	EndProjectSection
EndProject
Project("{9A19103F-16F7-4668-BE54-9A1E7A4F7556}") = "BingMapsRESTToolkit.Standard", "..\..\..\Downloads\BingMapsRESTToolkit-1.1.5\BingMapsRESTToolkit-1.1.5\Source\BingMapsRESTToolkit.Standard\BingMapsRESTToolkit.Standard.csproj", "{AD6E39A7-5666-4B2F-BECF-1285C78A2CCC}"
EndProject
Project("{FAE04EC0-301F-11D3-BF4B-00C04F79EFBC}") = "PhoenixFleetWindows", "PhoenixFleetWindows\PhoenixFleetWindows.csproj", "{3EC355FB-CD2E-4342-AA21-9B94B28D7421}"
	ProjectSection(ProjectDependencies) = postProject
		{5AE65118-9016-4BA7-A5E2-E6877D0FEB8B} = {5AE65118-9016-4BA7-A5E2-E6877D0FEB8B}
		{A5F9461B-AC0A-420C-BFAD-CF9B1C6D1352} = {A5F9461B-AC0A-420C-BFAD-CF9B1C6D1352}
		{AD6E39A7-5666-4B2F-BECF-1285C78A2CCC} = {AD6E39A7-5666-4B2F-BECF-1285C78A2CCC}
		{B2B06C28-6005-4AC5-B8E7-E65EB706EDC0} = {B2B06C28-6005-4AC5-B8E7-E65EB706EDC0}
	EndProjectSection
EndProject
Project("{FAE04EC0-301F-11D3-BF4B-00C04F79EFBC}") = "DataLayer", "DataLayer\DataLayer.csproj", "{5AE65118-9016-4BA7-A5E2-E6877D0FEB8B}"
EndProject
Project("{FAE04EC0-301F-11D3-BF4B-00C04F79EFBC}") = "Infrastructure", "Infrastructure\Infrastructure.csproj", "{A5F9461B-AC0A-420C-BFAD-CF9B1C6D1352}"
EndProject
Global
	GlobalSection(SolutionConfigurationPlatforms) = preSolution
		Debug|Any CPU = Debug|Any CPU
		Debug|ARM = Debug|ARM
		Debug|ARM64 = Debug|ARM64
		Debug|x64 = Debug|x64
		Debug|x86 = Debug|x86
		Release|Any CPU = Release|Any CPU
		Release|ARM = Release|ARM
		Release|ARM64 = Release|ARM64
		Release|x64 = Release|x64
		Release|x86 = Release|x86
	EndGlobalSection
	GlobalSection(ProjectConfigurationPlatforms) = postSolution
		{B2B06C28-6005-4AC5-B8E7-E65EB706EDC0}.Debug|Any CPU.ActiveCfg = Debug|Any CPU
		{B2B06C28-6005-4AC5-B8E7-E65EB706EDC0}.Debug|Any CPU.Build.0 = Debug|Any CPU
		{B2B06C28-6005-4AC5-B8E7-E65EB706EDC0}.Debug|ARM.ActiveCfg = Debug|Any CPU
		{B2B06C28-6005-4AC5-B8E7-E65EB706EDC0}.Debug|ARM.Build.0 = Debug|Any CPU
		{B2B06C28-6005-4AC5-B8E7-E65EB706EDC0}.Debug|ARM64.ActiveCfg = Debug|Any CPU
		{B2B06C28-6005-4AC5-B8E7-E65EB706EDC0}.Debug|ARM64.Build.0 = Debug|Any CPU
		{B2B06C28-6005-4AC5-B8E7-E65EB706EDC0}.Debug|x64.ActiveCfg = Debug|Any CPU
		{B2B06C28-6005-4AC5-B8E7-E65EB706EDC0}.Debug|x64.Build.0 = Debug|Any CPU
		{B2B06C28-6005-4AC5-B8E7-E65EB706EDC0}.Debug|x86.ActiveCfg = Debug|Any CPU
		{B2B06C28-6005-4AC5-B8E7-E65EB706EDC0}.Debug|x86.Build.0 = Debug|Any CPU
		{B2B06C28-6005-4AC5-B8E7-E65EB706EDC0}.Release|Any CPU.ActiveCfg = Release|Any CPU
		{B2B06C28-6005-4AC5-B8E7-E65EB706EDC0}.Release|Any CPU.Build.0 = Release|Any CPU
		{B2B06C28-6005-4AC5-B8E7-E65EB706EDC0}.Release|ARM.ActiveCfg = Release|Any CPU
		{B2B06C28-6005-4AC5-B8E7-E65EB706EDC0}.Release|ARM.Build.0 = Release|Any CPU
		{B2B06C28-6005-4AC5-B8E7-E65EB706EDC0}.Release|ARM64.ActiveCfg = Release|Any CPU
		{B2B06C28-6005-4AC5-B8E7-E65EB706EDC0}.Release|ARM64.Build.0 = Release|Any CPU
		{B2B06C28-6005-4AC5-B8E7-E65EB706EDC0}.Release|x64.ActiveCfg = Release|Any CPU
		{B2B06C28-6005-4AC5-B8E7-E65EB706EDC0}.Release|x64.Build.0 = Release|Any CPU
		{B2B06C28-6005-4AC5-B8E7-E65EB706EDC0}.Release|x86.ActiveCfg = Release|Any CPU
		{B2B06C28-6005-4AC5-B8E7-E65EB706EDC0}.Release|x86.Build.0 = Release|Any CPU
		{AD6E39A7-5666-4B2F-BECF-1285C78A2CCC}.Debug|Any CPU.ActiveCfg = Debug|Any CPU
		{AD6E39A7-5666-4B2F-BECF-1285C78A2CCC}.Debug|Any CPU.Build.0 = Debug|Any CPU
		{AD6E39A7-5666-4B2F-BECF-1285C78A2CCC}.Debug|ARM.ActiveCfg = Debug|Any CPU
		{AD6E39A7-5666-4B2F-BECF-1285C78A2CCC}.Debug|ARM.Build.0 = Debug|Any CPU
		{AD6E39A7-5666-4B2F-BECF-1285C78A2CCC}.Debug|ARM64.ActiveCfg = Debug|Any CPU
		{AD6E39A7-5666-4B2F-BECF-1285C78A2CCC}.Debug|ARM64.Build.0 = Debug|Any CPU
		{AD6E39A7-5666-4B2F-BECF-1285C78A2CCC}.Debug|x64.ActiveCfg = Debug|Any CPU
		{AD6E39A7-5666-4B2F-BECF-1285C78A2CCC}.Debug|x64.Build.0 = Debug|Any CPU
		{AD6E39A7-5666-4B2F-BECF-1285C78A2CCC}.Debug|x86.ActiveCfg = Debug|Any CPU
		{AD6E39A7-5666-4B2F-BECF-1285C78A2CCC}.Debug|x86.Build.0 = Debug|Any CPU
		{AD6E39A7-5666-4B2F-BECF-1285C78A2CCC}.Release|Any CPU.ActiveCfg = Release|Any CPU
		{AD6E39A7-5666-4B2F-BECF-1285C78A2CCC}.Release|Any CPU.Build.0 = Release|Any CPU
		{AD6E39A7-5666-4B2F-BECF-1285C78A2CCC}.Release|ARM.ActiveCfg = Release|Any CPU
		{AD6E39A7-5666-4B2F-BECF-1285C78A2CCC}.Release|ARM.Build.0 = Release|Any CPU
		{AD6E39A7-5666-4B2F-BECF-1285C78A2CCC}.Release|ARM64.ActiveCfg = Release|Any CPU
		{AD6E39A7-5666-4B2F-BECF-1285C78A2CCC}.Release|ARM64.Build.0 = Release|Any CPU
		{AD6E39A7-5666-4B2F-BECF-1285C78A2CCC}.Release|x64.ActiveCfg = Release|Any CPU
		{AD6E39A7-5666-4B2F-BECF-1285C78A2CCC}.Release|x64.Build.0 = Release|Any CPU
		{AD6E39A7-5666-4B2F-BECF-1285C78A2CCC}.Release|x86.ActiveCfg = Release|Any CPU
		{AD6E39A7-5666-4B2F-BECF-1285C78A2CCC}.Release|x86.Build.0 = Release|Any CPU
		{3EC355FB-CD2E-4342-AA21-9B94B28D7421}.Debug|Any CPU.ActiveCfg = Debug|x64
		{3EC355FB-CD2E-4342-AA21-9B94B28D7421}.Debug|Any CPU.Build.0 = Debug|x64
		{3EC355FB-CD2E-4342-AA21-9B94B28D7421}.Debug|Any CPU.Deploy.0 = Debug|x64
		{3EC355FB-CD2E-4342-AA21-9B94B28D7421}.Debug|ARM.ActiveCfg = Debug|x64
		{3EC355FB-CD2E-4342-AA21-9B94B28D7421}.Debug|ARM.Build.0 = Debug|x64
		{3EC355FB-CD2E-4342-AA21-9B94B28D7421}.Debug|ARM.Deploy.0 = Debug|x64
		{3EC355FB-CD2E-4342-AA21-9B94B28D7421}.Debug|ARM64.ActiveCfg = Debug|arm64
		{3EC355FB-CD2E-4342-AA21-9B94B28D7421}.Debug|ARM64.Build.0 = Debug|arm64
		{3EC355FB-CD2E-4342-AA21-9B94B28D7421}.Debug|ARM64.Deploy.0 = Debug|arm64
		{3EC355FB-CD2E-4342-AA21-9B94B28D7421}.Debug|x64.ActiveCfg = Debug|x64
		{3EC355FB-CD2E-4342-AA21-9B94B28D7421}.Debug|x64.Build.0 = Debug|x64
		{3EC355FB-CD2E-4342-AA21-9B94B28D7421}.Debug|x64.Deploy.0 = Debug|x64
		{3EC355FB-CD2E-4342-AA21-9B94B28D7421}.Debug|x86.ActiveCfg = Debug|x86
		{3EC355FB-CD2E-4342-AA21-9B94B28D7421}.Debug|x86.Build.0 = Debug|x86
		{3EC355FB-CD2E-4342-AA21-9B94B28D7421}.Debug|x86.Deploy.0 = Debug|x86
		{3EC355FB-CD2E-4342-AA21-9B94B28D7421}.Release|Any CPU.ActiveCfg = Release|x64
		{3EC355FB-CD2E-4342-AA21-9B94B28D7421}.Release|Any CPU.Build.0 = Release|x64
		{3EC355FB-CD2E-4342-AA21-9B94B28D7421}.Release|Any CPU.Deploy.0 = Release|x64
		{3EC355FB-CD2E-4342-AA21-9B94B28D7421}.Release|ARM.ActiveCfg = Release|x64
		{3EC355FB-CD2E-4342-AA21-9B94B28D7421}.Release|ARM.Build.0 = Release|x64
		{3EC355FB-CD2E-4342-AA21-9B94B28D7421}.Release|ARM.Deploy.0 = Release|x64
		{3EC355FB-CD2E-4342-AA21-9B94B28D7421}.Release|ARM64.ActiveCfg = Release|arm64
		{3EC355FB-CD2E-4342-AA21-9B94B28D7421}.Release|ARM64.Build.0 = Release|arm64
		{3EC355FB-CD2E-4342-AA21-9B94B28D7421}.Release|ARM64.Deploy.0 = Release|arm64
		{3EC355FB-CD2E-4342-AA21-9B94B28D7421}.Release|x64.ActiveCfg = Release|x64
		{3EC355FB-CD2E-4342-AA21-9B94B28D7421}.Release|x64.Build.0 = Release|x64
		{3EC355FB-CD2E-4342-AA21-9B94B28D7421}.Release|x64.Deploy.0 = Release|x64
		{3EC355FB-CD2E-4342-AA21-9B94B28D7421}.Release|x86.ActiveCfg = Release|x86
		{3EC355FB-CD2E-4342-AA21-9B94B28D7421}.Release|x86.Build.0 = Release|x86
		{3EC355FB-CD2E-4342-AA21-9B94B28D7421}.Release|x86.Deploy.0 = Release|x86
		{5AE65118-9016-4BA7-A5E2-E6877D0FEB8B}.Debug|Any CPU.ActiveCfg = Debug|Any CPU
		{5AE65118-9016-4BA7-A5E2-E6877D0FEB8B}.Debug|Any CPU.Build.0 = Debug|Any CPU
		{5AE65118-9016-4BA7-A5E2-E6877D0FEB8B}.Debug|ARM.ActiveCfg = Debug|Any CPU
		{5AE65118-9016-4BA7-A5E2-E6877D0FEB8B}.Debug|ARM.Build.0 = Debug|Any CPU
		{5AE65118-9016-4BA7-A5E2-E6877D0FEB8B}.Debug|ARM64.ActiveCfg = Debug|Any CPU
		{5AE65118-9016-4BA7-A5E2-E6877D0FEB8B}.Debug|ARM64.Build.0 = Debug|Any CPU
		{5AE65118-9016-4BA7-A5E2-E6877D0FEB8B}.Debug|x64.ActiveCfg = Debug|Any CPU
		{5AE65118-9016-4BA7-A5E2-E6877D0FEB8B}.Debug|x64.Build.0 = Debug|Any CPU
		{5AE65118-9016-4BA7-A5E2-E6877D0FEB8B}.Debug|x86.ActiveCfg = Debug|Any CPU
		{5AE65118-9016-4BA7-A5E2-E6877D0FEB8B}.Debug|x86.Build.0 = Debug|Any CPU
		{5AE65118-9016-4BA7-A5E2-E6877D0FEB8B}.Release|Any CPU.ActiveCfg = Release|Any CPU
		{5AE65118-9016-4BA7-A5E2-E6877D0FEB8B}.Release|Any CPU.Build.0 = Release|Any CPU
		{5AE65118-9016-4BA7-A5E2-E6877D0FEB8B}.Release|ARM.ActiveCfg = Release|Any CPU
		{5AE65118-9016-4BA7-A5E2-E6877D0FEB8B}.Release|ARM.Build.0 = Release|Any CPU
		{5AE65118-9016-4BA7-A5E2-E6877D0FEB8B}.Release|ARM64.ActiveCfg = Release|Any CPU
		{5AE65118-9016-4BA7-A5E2-E6877D0FEB8B}.Release|ARM64.Build.0 = Release|Any CPU
		{5AE65118-9016-4BA7-A5E2-E6877D0FEB8B}.Release|x64.ActiveCfg = Release|Any CPU
		{5AE65118-9016-4BA7-A5E2-E6877D0FEB8B}.Release|x64.Build.0 = Release|Any CPU
		{5AE65118-9016-4BA7-A5E2-E6877D0FEB8B}.Release|x86.ActiveCfg = Release|Any CPU
		{5AE65118-9016-4BA7-A5E2-E6877D0FEB8B}.Release|x86.Build.0 = Release|Any CPU
		{A5F9461B-AC0A-420C-BFAD-CF9B1C6D1352}.Debug|Any CPU.ActiveCfg = Debug|Any CPU
		{A5F9461B-AC0A-420C-BFAD-CF9B1C6D1352}.Debug|Any CPU.Build.0 = Debug|Any CPU
		{A5F9461B-AC0A-420C-BFAD-CF9B1C6D1352}.Debug|ARM.ActiveCfg = Debug|Any CPU
		{A5F9461B-AC0A-420C-BFAD-CF9B1C6D1352}.Debug|ARM.Build.0 = Debug|Any CPU
		{A5F9461B-AC0A-420C-BFAD-CF9B1C6D1352}.Debug|ARM64.ActiveCfg = Debug|Any CPU
		{A5F9461B-AC0A-420C-BFAD-CF9B1C6D1352}.Debug|ARM64.Build.0 = Debug|Any CPU
		{A5F9461B-AC0A-420C-BFAD-CF9B1C6D1352}.Debug|x64.ActiveCfg = Debug|Any CPU
		{A5F9461B-AC0A-420C-BFAD-CF9B1C6D1352}.Debug|x64.Build.0 = Debug|Any CPU
		{A5F9461B-AC0A-420C-BFAD-CF9B1C6D1352}.Debug|x86.ActiveCfg = Debug|Any CPU
		{A5F9461B-AC0A-420C-BFAD-CF9B1C6D1352}.Debug|x86.Build.0 = Debug|Any CPU
		{A5F9461B-AC0A-420C-BFAD-CF9B1C6D1352}.Release|Any CPU.ActiveCfg = Release|Any CPU
		{A5F9461B-AC0A-420C-BFAD-CF9B1C6D1352}.Release|Any CPU.Build.0 = Release|Any CPU
		{A5F9461B-AC0A-420C-BFAD-CF9B1C6D1352}.Release|ARM.ActiveCfg = Release|Any CPU
		{A5F9461B-AC0A-420C-BFAD-CF9B1C6D1352}.Release|ARM.Build.0 = Release|Any CPU
		{A5F9461B-AC0A-420C-BFAD-CF9B1C6D1352}.Release|ARM64.ActiveCfg = Release|Any CPU
		{A5F9461B-AC0A-420C-BFAD-CF9B1C6D1352}.Release|ARM64.Build.0 = Release|Any CPU
		{A5F9461B-AC0A-420C-BFAD-CF9B1C6D1352}.Release|x64.ActiveCfg = Release|Any CPU
		{A5F9461B-AC0A-420C-BFAD-CF9B1C6D1352}.Release|x64.Build.0 = Release|Any CPU
		{A5F9461B-AC0A-420C-BFAD-CF9B1C6D1352}.Release|x86.ActiveCfg = Release|Any CPU
		{A5F9461B-AC0A-420C-BFAD-CF9B1C6D1352}.Release|x86.Build.0 = Release|Any CPU
	EndGlobalSection
	GlobalSection(SolutionProperties) = preSolution
		HideSolutionNode = FALSE
	EndGlobalSection
	GlobalSection(ExtensibilityGlobals) = postSolution
		SolutionGuid = {371E3B66-3811-4650-998F-A38D8623AB6F}
	EndGlobalSection
EndGlobal
